
Microsoft Visual Studio Solution File, Format Version 12.00
# Visual Studio 15
VisualStudioVersion = 15.0.27428.2043
MinimumVisualStudioVersion = 10.0.40219.1
Project("{FAE04EC0-301F-11D3-BF4B-00C04F79EFBC}") = "InAppPurchasesApp.Android", "InAppPurchasesApp\InAppPurchasesApp.Android\InAppPurchasesApp.Android.csproj", "{5FF46FBA-803F-4862-87DA-BB9B07719787}"
EndProject
Project("{FAE04EC0-301F-11D3-BF4B-00C04F79EFBC}") = "InAppPurchasesApp.iOS", "InAppPurchasesApp\InAppPurchasesApp.iOS\InAppPurchasesApp.iOS.csproj", "{0E2D05F8-E534-4B1A-85AE-AE529235E8E5}"
EndProject
Project("{FAE04EC0-301F-11D3-BF4B-00C04F79EFBC}") = "InAppPurchasesApp", "InAppPurchasesApp\InAppPurchasesApp\InAppPurchasesApp.csproj", "{5A60D0F6-D617-47A0-8487-D1A2223A1C03}"
EndProject
Project("{FAE04EC0-301F-11D3-BF4B-00C04F79EFBC}") = "InAppPurchasesApp.Protocol", "InAppPurchasesApp\InAppPurchasesApp.Protocol\InAppPurchasesApp.Protocol.csproj", "{A703A432-144B-4FD0-A4E0-A5E99047488F}"
EndProject
Global
	GlobalSection(SolutionConfigurationPlatforms) = preSolution
		Ad-Hoc|Any CPU = Ad-Hoc|Any CPU
		Ad-Hoc|iPhone = Ad-Hoc|iPhone
		Ad-Hoc|iPhoneSimulator = Ad-Hoc|iPhoneSimulator
		AppStore|Any CPU = AppStore|Any CPU
		AppStore|iPhone = AppStore|iPhone
		AppStore|iPhoneSimulator = AppStore|iPhoneSimulator
		Debug|Any CPU = Debug|Any CPU
		Debug|iPhone = Debug|iPhone
		Debug|iPhoneSimulator = Debug|iPhoneSimulator
		Release|Any CPU = Release|Any CPU
		Release|iPhone = Release|iPhone
		Release|iPhoneSimulator = Release|iPhoneSimulator
	EndGlobalSection
	GlobalSection(ProjectConfigurationPlatforms) = postSolution
		{5FF46FBA-803F-4862-87DA-BB9B07719787}.Ad-Hoc|Any CPU.ActiveCfg = Release|Any CPU
		{5FF46FBA-803F-4862-87DA-BB9B07719787}.Ad-Hoc|Any CPU.Build.0 = Release|Any CPU
		{5FF46FBA-803F-4862-87DA-BB9B07719787}.Ad-Hoc|Any CPU.Deploy.0 = Release|Any CPU
		{5FF46FBA-803F-4862-87DA-BB9B07719787}.Ad-Hoc|iPhone.ActiveCfg = Release|Any CPU
		{5FF46FBA-803F-4862-87DA-BB9B07719787}.Ad-Hoc|iPhone.Build.0 = Release|Any CPU
		{5FF46FBA-803F-4862-87DA-BB9B07719787}.Ad-Hoc|iPhone.Deploy.0 = Release|Any CPU
		{5FF46FBA-803F-4862-87DA-BB9B07719787}.Ad-Hoc|iPhoneSimulator.ActiveCfg = Release|Any CPU
		{5FF46FBA-803F-4862-87DA-BB9B07719787}.Ad-Hoc|iPhoneSimulator.Build.0 = Release|Any CPU
		{5FF46FBA-803F-4862-87DA-BB9B07719787}.Ad-Hoc|iPhoneSimulator.Deploy.0 = Release|Any CPU
		{5FF46FBA-803F-4862-87DA-BB9B07719787}.AppStore|Any CPU.ActiveCfg = Release|Any CPU
		{5FF46FBA-803F-4862-87DA-BB9B07719787}.AppStore|Any CPU.Build.0 = Release|Any CPU
		{5FF46FBA-803F-4862-87DA-BB9B07719787}.AppStore|Any CPU.Deploy.0 = Release|Any CPU
		{5FF46FBA-803F-4862-87DA-BB9B07719787}.AppStore|iPhone.ActiveCfg = Release|Any CPU
		{5FF46FBA-803F-4862-87DA-BB9B07719787}.AppStore|iPhone.Build.0 = Release|Any CPU
		{5FF46FBA-803F-4862-87DA-BB9B07719787}.AppStore|iPhone.Deploy.0 = Release|Any CPU
		{5FF46FBA-803F-4862-87DA-BB9B07719787}.AppStore|iPhoneSimulator.ActiveCfg = Release|Any CPU
		{5FF46FBA-803F-4862-87DA-BB9B07719787}.AppStore|iPhoneSimulator.Build.0 = Release|Any CPU
		{5FF46FBA-803F-4862-87DA-BB9B07719787}.AppStore|iPhoneSimulator.Deploy.0 = Release|Any CPU
		{5FF46FBA-803F-4862-87DA-BB9B07719787}.Debug|Any CPU.ActiveCfg = Debug|Any CPU
		{5FF46FBA-803F-4862-87DA-BB9B07719787}.Debug|Any CPU.Build.0 = Debug|Any CPU
		{5FF46FBA-803F-4862-87DA-BB9B07719787}.Debug|Any CPU.Deploy.0 = Debug|Any CPU
		{5FF46FBA-803F-4862-87DA-BB9B07719787}.Debug|iPhone.ActiveCfg = Debug|Any CPU
		{5FF46FBA-803F-4862-87DA-BB9B07719787}.Debug|iPhone.Build.0 = Debug|Any CPU
		{5FF46FBA-803F-4862-87DA-BB9B07719787}.Debug|iPhone.Deploy.0 = Debug|Any CPU
		{5FF46FBA-803F-4862-87DA-BB9B07719787}.Debug|iPhoneSimulator.ActiveCfg = Debug|Any CPU
		{5FF46FBA-803F-4862-87DA-BB9B07719787}.Debug|iPhoneSimulator.Build.0 = Debug|Any CPU
		{5FF46FBA-803F-4862-87DA-BB9B07719787}.Debug|iPhoneSimulator.Deploy.0 = Debug|Any CPU
		{5FF46FBA-803F-4862-87DA-BB9B07719787}.Release|Any CPU.ActiveCfg = Release|Any CPU
		{5FF46FBA-803F-4862-87DA-BB9B07719787}.Release|Any CPU.Build.0 = Release|Any CPU
		{5FF46FBA-803F-4862-87DA-BB9B07719787}.Release|Any CPU.Deploy.0 = Release|Any CPU
		{5FF46FBA-803F-4862-87DA-BB9B07719787}.Release|iPhone.ActiveCfg = Release|Any CPU
		{5FF46FBA-803F-4862-87DA-BB9B07719787}.Release|iPhone.Build.0 = Release|Any CPU
		{5FF46FBA-803F-4862-87DA-BB9B07719787}.Release|iPhone.Deploy.0 = Release|Any CPU
		{5FF46FBA-803F-4862-87DA-BB9B07719787}.Release|iPhoneSimulator.ActiveCfg = Release|Any CPU
		{5FF46FBA-803F-4862-87DA-BB9B07719787}.Release|iPhoneSimulator.Build.0 = Release|Any CPU
		{5FF46FBA-803F-4862-87DA-BB9B07719787}.Release|iPhoneSimulator.Deploy.0 = Release|Any CPU
		{0E2D05F8-E534-4B1A-85AE-AE529235E8E5}.Ad-Hoc|Any CPU.ActiveCfg = Ad-Hoc|iPhone
		{0E2D05F8-E534-4B1A-85AE-AE529235E8E5}.Ad-Hoc|iPhone.ActiveCfg = Ad-Hoc|iPhone
		{0E2D05F8-E534-4B1A-85AE-AE529235E8E5}.Ad-Hoc|iPhone.Build.0 = Ad-Hoc|iPhone
		{0E2D05F8-E534-4B1A-85AE-AE529235E8E5}.Ad-Hoc|iPhoneSimulator.ActiveCfg = Ad-Hoc|iPhoneSimulator
		{0E2D05F8-E534-4B1A-85AE-AE529235E8E5}.Ad-Hoc|iPhoneSimulator.Build.0 = Ad-Hoc|iPhoneSimulator
		{0E2D05F8-E534-4B1A-85AE-AE529235E8E5}.AppStore|Any CPU.ActiveCfg = AppStore|iPhone
		{0E2D05F8-E534-4B1A-85AE-AE529235E8E5}.AppStore|iPhone.ActiveCfg = AppStore|iPhone
		{0E2D05F8-E534-4B1A-85AE-AE529235E8E5}.AppStore|iPhone.Build.0 = AppStore|iPhone
		{0E2D05F8-E534-4B1A-85AE-AE529235E8E5}.AppStore|iPhoneSimulator.ActiveCfg = AppStore|iPhoneSimulator
		{0E2D05F8-E534-4B1A-85AE-AE529235E8E5}.AppStore|iPhoneSimulator.Build.0 = AppStore|iPhoneSimulator
		{0E2D05F8-E534-4B1A-85AE-AE529235E8E5}.Debug|Any CPU.ActiveCfg = Debug|iPhone
		{0E2D05F8-E534-4B1A-85AE-AE529235E8E5}.Debug|iPhone.ActiveCfg = Debug|iPhone
		{0E2D05F8-E534-4B1A-85AE-AE529235E8E5}.Debug|iPhone.Build.0 = Debug|iPhone
		{0E2D05F8-E534-4B1A-85AE-AE529235E8E5}.Debug|iPhoneSimulator.ActiveCfg = Debug|iPhoneSimulator
		{0E2D05F8-E534-4B1A-85AE-AE529235E8E5}.Debug|iPhoneSimulator.Build.0 = Debug|iPhoneSimulator
		{0E2D05F8-E534-4B1A-85AE-AE529235E8E5}.Release|Any CPU.ActiveCfg = Release|iPhone
		{0E2D05F8-E534-4B1A-85AE-AE529235E8E5}.Release|iPhone.ActiveCfg = Release|iPhone
		{0E2D05F8-E534-4B1A-85AE-AE529235E8E5}.Release|iPhone.Build.0 = Release|iPhone
		{0E2D05F8-E534-4B1A-85AE-AE529235E8E5}.Release|iPhoneSimulator.ActiveCfg = Release|iPhoneSimulator
		{0E2D05F8-E534-4B1A-85AE-AE529235E8E5}.Release|iPhoneSimulator.Build.0 = Release|iPhoneSimulator
		{5A60D0F6-D617-47A0-8487-D1A2223A1C03}.Ad-Hoc|Any CPU.ActiveCfg = Debug|Any CPU
		{5A60D0F6-D617-47A0-8487-D1A2223A1C03}.Ad-Hoc|Any CPU.Build.0 = Debug|Any CPU
		{5A60D0F6-D617-47A0-8487-D1A2223A1C03}.Ad-Hoc|iPhone.ActiveCfg = Debug|Any CPU
		{5A60D0F6-D617-47A0-8487-D1A2223A1C03}.Ad-Hoc|iPhone.Build.0 = Debug|Any CPU
		{5A60D0F6-D617-47A0-8487-D1A2223A1C03}.Ad-Hoc|iPhoneSimulator.ActiveCfg = Debug|Any CPU
		{5A60D0F6-D617-47A0-8487-D1A2223A1C03}.Ad-Hoc|iPhoneSimulator.Build.0 = Debug|Any CPU
		{5A60D0F6-D617-47A0-8487-D1A2223A1C03}.AppStore|Any CPU.ActiveCfg = Debug|Any CPU
		{5A60D0F6-D617-47A0-8487-D1A2223A1C03}.AppStore|Any CPU.Build.0 = Debug|Any CPU
		{5A60D0F6-D617-47A0-8487-D1A2223A1C03}.AppStore|iPhone.ActiveCfg = Debug|Any CPU
		{5A60D0F6-D617-47A0-8487-D1A2223A1C03}.AppStore|iPhone.Build.0 = Debug|Any CPU
		{5A60D0F6-D617-47A0-8487-D1A2223A1C03}.AppStore|iPhoneSimulator.ActiveCfg = Debug|Any CPU
		{5A60D0F6-D617-47A0-8487-D1A2223A1C03}.AppStore|iPhoneSimulator.Build.0 = Debug|Any CPU
		{5A60D0F6-D617-47A0-8487-D1A2223A1C03}.Debug|Any CPU.ActiveCfg = Debug|Any CPU
		{5A60D0F6-D617-47A0-8487-D1A2223A1C03}.Debug|Any CPU.Build.0 = Debug|Any CPU
		{5A60D0F6-D617-47A0-8487-D1A2223A1C03}.Debug|iPhone.ActiveCfg = Debug|Any CPU
		{5A60D0F6-D617-47A0-8487-D1A2223A1C03}.Debug|iPhone.Build.0 = Debug|Any CPU
		{5A60D0F6-D617-47A0-8487-D1A2223A1C03}.Debug|iPhoneSimulator.ActiveCfg = Debug|Any CPU
		{5A60D0F6-D617-47A0-8487-D1A2223A1C03}.Debug|iPhoneSimulator.Build.0 = Debug|Any CPU
		{5A60D0F6-D617-47A0-8487-D1A2223A1C03}.Release|Any CPU.ActiveCfg = Release|Any CPU
		{5A60D0F6-D617-47A0-8487-D1A2223A1C03}.Release|Any CPU.Build.0 = Release|Any CPU
		{5A60D0F6-D617-47A0-8487-D1A2223A1C03}.Release|iPhone.ActiveCfg = Release|Any CPU
		{5A60D0F6-D617-47A0-8487-D1A2223A1C03}.Release|iPhone.Build.0 = Release|Any CPU
		{5A60D0F6-D617-47A0-8487-D1A2223A1C03}.Release|iPhoneSimulator.ActiveCfg = Release|Any CPU
		{5A60D0F6-D617-47A0-8487-D1A2223A1C03}.Release|iPhoneSimulator.Build.0 = Release|Any CPU
		{A703A432-144B-4FD0-A4E0-A5E99047488F}.Ad-Hoc|Any CPU.ActiveCfg = Debug|Any CPU
		{A703A432-144B-4FD0-A4E0-A5E99047488F}.Ad-Hoc|Any CPU.Build.0 = Debug|Any CPU
		{A703A432-144B-4FD0-A4E0-A5E99047488F}.Ad-Hoc|iPhone.ActiveCfg = Debug|Any CPU
		{A703A432-144B-4FD0-A4E0-A5E99047488F}.Ad-Hoc|iPhone.Build.0 = Debug|Any CPU
		{A703A432-144B-4FD0-A4E0-A5E99047488F}.Ad-Hoc|iPhoneSimulator.ActiveCfg = Debug|Any CPU
		{A703A432-144B-4FD0-A4E0-A5E99047488F}.Ad-Hoc|iPhoneSimulator.Build.0 = Debug|Any CPU
		{A703A432-144B-4FD0-A4E0-A5E99047488F}.AppStore|Any CPU.ActiveCfg = Debug|Any CPU
		{A703A432-144B-4FD0-A4E0-A5E99047488F}.AppStore|Any CPU.Build.0 = Debug|Any CPU
		{A703A432-144B-4FD0-A4E0-A5E99047488F}.AppStore|iPhone.ActiveCfg = Debug|Any CPU
		{A703A432-144B-4FD0-A4E0-A5E99047488F}.AppStore|iPhone.Build.0 = Debug|Any CPU
		{A703A432-144B-4FD0-A4E0-A5E99047488F}.AppStore|iPhoneSimulator.ActiveCfg = Debug|Any CPU
		{A703A432-144B-4FD0-A4E0-A5E99047488F}.AppStore|iPhoneSimulator.Build.0 = Debug|Any CPU
		{A703A432-144B-4FD0-A4E0-A5E99047488F}.Debug|Any CPU.ActiveCfg = Debug|Any CPU
		{A703A432-144B-4FD0-A4E0-A5E99047488F}.Debug|Any CPU.Build.0 = Debug|Any CPU
		{A703A432-144B-4FD0-A4E0-A5E99047488F}.Debug|iPhone.ActiveCfg = Debug|Any CPU
		{A703A432-144B-4FD0-A4E0-A5E99047488F}.Debug|iPhone.Build.0 = Debug|Any CPU
		{A703A432-144B-4FD0-A4E0-A5E99047488F}.Debug|iPhoneSimulator.ActiveCfg = Debug|Any CPU
		{A703A432-144B-4FD0-A4E0-A5E99047488F}.Debug|iPhoneSimulator.Build.0 = Debug|Any CPU
		{A703A432-144B-4FD0-A4E0-A5E99047488F}.Release|Any CPU.ActiveCfg = Release|Any CPU
		{A703A432-144B-4FD0-A4E0-A5E99047488F}.Release|Any CPU.Build.0 = Release|Any CPU
		{A703A432-144B-4FD0-A4E0-A5E99047488F}.Release|iPhone.ActiveCfg = Release|Any CPU
		{A703A432-144B-4FD0-A4E0-A5E99047488F}.Release|iPhone.Build.0 = Release|Any CPU
		{A703A432-144B-4FD0-A4E0-A5E99047488F}.Release|iPhoneSimulator.ActiveCfg = Release|Any CPU
		{A703A432-144B-4FD0-A4E0-A5E99047488F}.Release|iPhoneSimulator.Build.0 = Release|Any CPU
	EndGlobalSection
	GlobalSection(SolutionProperties) = preSolution
		HideSolutionNode = FALSE
	EndGlobalSection
	GlobalSection(ExtensibilityGlobals) = postSolution
		SolutionGuid = {BA82C630-7407-4E7D-A1B6-9B0C184DC2FD}
	EndGlobalSection
EndGlobal
